
Microsoft Visual Studio Solution File, Format Version 12.00
# Visual Studio Version 17
VisualStudioVersion = 17.10.35013.160
MinimumVisualStudioVersion = 10.0.40219.1
Project("{9A19103F-16F7-4668-BE54-9A1E7A4F7556}") = "SalesWebMvc", "SalesWebMvc.csproj", "{6C57A112-BD96-45C8-90CA-45A1244194A1}"
EndProject
Global
	GlobalSection(SolutionConfigurationPlatforms) = preSolution
		Debug|Any CPU = Debug|Any CPU
		Release|Any CPU = Release|Any CPU
	EndGlobalSection
	GlobalSection(ProjectConfigurationPlatforms) = postSolution
		{6C57A112-BD96-45C8-90CA-45A1244194A1}.Debug|Any CPU.ActiveCfg = Debug|Any CPU
		{6C57A112-BD96-45C8-90CA-45A1244194A1}.Debug|Any CPU.Build.0 = Debug|Any CPU
		{6C57A112-BD96-45C8-90CA-45A1244194A1}.Release|Any CPU.ActiveCfg = Release|Any CPU
		{6C57A112-BD96-45C8-90CA-45A1244194A1}.Release|Any CPU.Build.0 = Release|Any CPU
	EndGlobalSection
	GlobalSection(SolutionProperties) = preSolution
		HideSolutionNode = FALSE
	EndGlobalSection
	GlobalSection(ExtensibilityGlobals) = postSolution
		SolutionGuid = {6C90DA6C-4B99-4AE8-A947-1787845E2915}
	EndGlobalSection
EndGlobal
